// !$*UTF8*$!
{
	archiveVersion = 1;
	classes = {
	};
	objectVersion = 77;
	objects = {

/* Begin PBXBuildFile section */
		2340B7D61C0D4DBD6D9300A5 /* roms/calculator/TMC0583-CONST-K.txt in Resources */ = {isa = PBXBuildFile; fileRef = 82EB9107C1DE1D77AB49F0D3 /* roms/calculator/TMC0583-CONST-K.txt */; };
		35B51855411FB1D5C01A25BB /* roms/calculator/CD2401.txt in Resources */ = {isa = PBXBuildFile; fileRef = E08C9C771806E7B736D15277 /* roms/calculator/CD2401.txt */; };
		6B5CBFF0A3356702CCCA0EA5 /* roms/calculator/TMC0582-CONST-K.txt in Resources */ = {isa = PBXBuildFile; fileRef = 0A6522F10504197826D208A1 /* roms/calculator/TMC0582-CONST-K.txt */; };
		6C370FAB142303C959108954 /* roms/calculator/TMC0573.txt in Resources */ = {isa = PBXBuildFile; fileRef = E2B162B7479B9E09AE31CB82 /* roms/calculator/TMC0573.txt */; };
		7BAEB40743290D11F6AC8AB9 /* roms/calculator/TMC0583.txt in Resources */ = {isa = PBXBuildFile; fileRef = 922A6D0E64ED7C6A5E52CCD5 /* roms/calculator/TMC0583.txt */; };
		ABC5638C64E47FADBF40BFEA /* roms/calculator/TMC0571B.txt in Resources */ = {isa = PBXBuildFile; fileRef = 4E36B672AB3C06A1BC192AA5 /* roms/calculator/TMC0571B.txt */; };
		B87F745B7F9EC349D0ECBF2F /* roms/calculator/CD2400.txt in Resources */ = {isa = PBXBuildFile; fileRef = 5193840AC3BCB5AC128C8565 /* roms/calculator/CD2400.txt */; };
		D2A2B3C4E5F6A7B8C9D0E1F1 /* roms/solid-state/cuecards.txt in Resources */ = {isa = PBXBuildFile; fileRef = D1A2B3C4E5F6A7B8C9D0E1F1 /* roms/solid-state/cuecards.txt */; };
		D2A2B3C4E5F6A7B8C9D0E1F2 /* roms/solid-state/TMC0541.txt in Resources */ = {isa = PBXBuildFile; fileRef = D1A2B3C4E5F6A7B8C9D0E1F2 /* roms/solid-state/TMC0541.txt */; };
		D2A2B3C4E5F6A7B8C9D0E1F3 /* roms/solid-state/TMC0542.txt in Resources */ = {isa = PBXBuildFile; fileRef = D1A2B3C4E5F6A7B8C9D0E1F3 /* roms/solid-state/TMC0542.txt */; };
		D2A2B3C4E5F6A7B8C9D0E1F4 /* roms/solid-state/TMC0543.txt in Resources */ = {isa = PBXBuildFile; fileRef = D1A2B3C4E5F6A7B8C9D0E1F4 /* roms/solid-state/TMC0543.txt */; };
		D2A2B3C4E5F6A7B8C9D0E1F5 /* roms/solid-state/TMC0544.txt in Resources */ = {isa = PBXBuildFile; fileRef = D1A2B3C4E5F6A7B8C9D0E1F5 /* roms/solid-state/TMC0544.txt */; };
		D2A2B3C4E5F6A7B8C9D0E1F6 /* roms/solid-state/TMC0545.txt in Resources */ = {isa = PBXBuildFile; fileRef = D1A2B3C4E5F6A7B8C9D0E1F6 /* roms/solid-state/TMC0545.txt */; };
		D2A2B3C4E5F6A7B8C9D0E1F7 /* roms/solid-state/TMC0546.txt in Resources */ = {isa = PBXBuildFile; fileRef = D1A2B3C4E5F6A7B8C9D0E1F7 /* roms/solid-state/TMC0546.txt */; };
		D2A2B3C4E5F6A7B8C9D0E1F8 /* roms/solid-state/TMC0547.txt in Resources */ = {isa = PBXBuildFile; fileRef = D1A2B3C4E5F6A7B8C9D0E1F8 /* roms/solid-state/TMC0547.txt */; };
		D2A2B3C4E5F6A7B8C9D0E1F9 /* roms/solid-state/TMC0548.txt in Resources */ = {isa = PBXBuildFile; fileRef = D1A2B3C4E5F6A7B8C9D0E1F9 /* roms/solid-state/TMC0548.txt */; };
		D2A2B3C4E5F6A7B8C9D0E1FA /* roms/solid-state/TMC0549.txt in Resources */ = {isa = PBXBuildFile; fileRef = D1A2B3C4E5F6A7B8C9D0E1FA /* roms/solid-state/TMC0549.txt */; };
		D2A2B3C4E5F6A7B8C9D0E1FB /* roms/solid-state/TMC0550.txt in Resources */ = {isa = PBXBuildFile; fileRef = D1A2B3C4E5F6A7B8C9D0E1FB /* roms/solid-state/TMC0550.txt */; };
		D2A2B3C4E5F6A7B8C9D0E1FC /* roms/solid-state/TMC0551.txt in Resources */ = {isa = PBXBuildFile; fileRef = D1A2B3C4E5F6A7B8C9D0E1FC /* roms/solid-state/TMC0551.txt */; };
		D2A2B3C4E5F6A7B8C9D0E1FD /* roms/solid-state/TMC0553.txt in Resources */ = {isa = PBXBuildFile; fileRef = D1A2B3C4E5F6A7B8C9D0E1FD /* roms/solid-state/TMC0553.txt */; };
		D2A2B3C4E5F6A7B8C9D0E1FE /* roms/solid-state/TMC0554.txt in Resources */ = {isa = PBXBuildFile; fileRef = D1A2B3C4E5F6A7B8C9D0E1FE /* roms/solid-state/TMC0554.txt */; };
		D2A2B3C4E5F6A7B8C9D0E1FF /* roms/solid-state/TMC0555.txt in Resources */ = {isa = PBXBuildFile; fileRef = D1A2B3C4E5F6A7B8C9D0E1FF /* roms/solid-state/TMC0555.txt */; };
		D33A7AEB1F005859A35CAB9E /* roms/calculator/CD2401-CONST-K.txt in Resources */ = {isa = PBXBuildFile; fileRef = 5E899B70D779E3C3D40E77C0 /* roms/calculator/CD2401-CONST-K.txt */; };
		E492E897460954A16FFCE97D /* roms/calculator/TMC0582.txt in Resources */ = {isa = PBXBuildFile; fileRef = 067A301B08617C3C718CAD6B /* roms/calculator/TMC0582.txt */; };
		FFF462699020D7E427019C23 /* roms/calculator/CD2400-CONST-K.txt in Resources */ = {isa = PBXBuildFile; fileRef = A03FEEC869500F2ED42C8381 /* roms/calculator/CD2400-CONST-K.txt */; };
/* End PBXBuildFile section */

/* Begin PBXFileReference section */
		067A301B08617C3C718CAD6B /* roms/calculator/TMC0582.txt */ = {isa = PBXFileReference; lastKnownFileType = text; path = roms/calculator/TMC0582.txt; sourceTree = "<group>"; };
		0A6522F10504197826D208A1 /* roms/calculator/TMC0582-CONST-K.txt */ = {isa = PBXFileReference; lastKnownFileType = text; path = "roms/calculator/TMC0582-CONST-K.txt"; sourceTree = "<group>"; };
		4E36B672AB3C06A1BC192AA5 /* roms/calculator/TMC0571B.txt */ = {isa = PBXFileReference; lastKnownFileType = text; path = roms/calculator/TMC0571B.txt; sourceTree = "<group>"; };
		5193840AC3BCB5AC128C8565 /* roms/calculator/CD2400.txt */ = {isa = PBXFileReference; lastKnownFileType = text; path = roms/calculator/CD2400.txt; sourceTree = "<group>"; };
		5E899B70D779E3C3D40E77C0 /* roms/calculator/CD2401-CONST-K.txt */ = {isa = PBXFileReference; lastKnownFileType = text; path = "roms/calculator/CD2401-CONST-K.txt"; sourceTree = "<group>"; };
		82EB9107C1DE1D77AB49F0D3 /* roms/calculator/TMC0583-CONST-K.txt */ = {isa = PBXFileReference; lastKnownFileType = text; path = "roms/calculator/TMC0583-CONST-K.txt"; sourceTree = "<group>"; };
		8C7285592F69626400D5F025 /* Calc-U-59.app */ = {isa = PBXFileReference; explicitFileType = wrapper.application; includeInIndex = 0; path = "Calc-U-59.app"; sourceTree = BUILT_PRODUCTS_DIR; };
		8CC614992F6C2E370041355E /* Calc-U-59.entitlements */ = {isa = PBXFileReference; lastKnownFileType = text.plist.entitlements; path = "Calc-U-59.entitlements"; sourceTree = "<group>"; };
		8CF668232F7ED56C006116D2 /* Calc-U-59-Info.plist */ = {isa = PBXFileReference; lastKnownFileType = text.plist; path = "Calc-U-59-Info.plist"; sourceTree = "<group>"; };
		922A6D0E64ED7C6A5E52CCD5 /* roms/calculator/TMC0583.txt */ = {isa = PBXFileReference; lastKnownFileType = text; path = roms/calculator/TMC0583.txt; sourceTree = "<group>"; };
		A03FEEC869500F2ED42C8381 /* roms/calculator/CD2400-CONST-K.txt */ = {isa = PBXFileReference; lastKnownFileType = text; path = "roms/calculator/CD2400-CONST-K.txt"; sourceTree = "<group>"; };
		D1A2B3C4E5F6A7B8C9D0E1F1 /* roms/solid-state/cuecards.txt */ = {isa = PBXFileReference; lastKnownFileType = text; path = "roms/solid-state/cuecards.txt"; sourceTree = "<group>"; };
		D1A2B3C4E5F6A7B8C9D0E1F2 /* roms/solid-state/TMC0541.txt */ = {isa = PBXFileReference; lastKnownFileType = text; path = "roms/solid-state/TMC0541.txt"; sourceTree = "<group>"; };
		D1A2B3C4E5F6A7B8C9D0E1F3 /* roms/solid-state/TMC0542.txt */ = {isa = PBXFileReference; lastKnownFileType = text; path = "roms/solid-state/TMC0542.txt"; sourceTree = "<group>"; };
		D1A2B3C4E5F6A7B8C9D0E1F4 /* roms/solid-state/TMC0543.txt */ = {isa = PBXFileReference; lastKnownFileType = text; path = "roms/solid-state/TMC0543.txt"; sourceTree = "<group>"; };
		D1A2B3C4E5F6A7B8C9D0E1F5 /* roms/solid-state/TMC0544.txt */ = {isa = PBXFileReference; lastKnownFileType = text; path = "roms/solid-state/TMC0544.txt"; sourceTree = "<group>"; };
		D1A2B3C4E5F6A7B8C9D0E1F6 /* roms/solid-state/TMC0545.txt */ = {isa = PBXFileReference; lastKnownFileType = text; path = "roms/solid-state/TMC0545.txt"; sourceTree = "<group>"; };
		D1A2B3C4E5F6A7B8C9D0E1F7 /* roms/solid-state/TMC0546.txt */ = {isa = PBXFileReference; lastKnownFileType = text; path = "roms/solid-state/TMC0546.txt"; sourceTree = "<group>"; };
		D1A2B3C4E5F6A7B8C9D0E1F8 /* roms/solid-state/TMC0547.txt */ = {isa = PBXFileReference; lastKnownFileType = text; path = "roms/solid-state/TMC0547.txt"; sourceTree = "<group>"; };
		D1A2B3C4E5F6A7B8C9D0E1F9 /* roms/solid-state/TMC0548.txt */ = {isa = PBXFileReference; lastKnownFileType = text; path = "roms/solid-state/TMC0548.txt"; sourceTree = "<group>"; };
		D1A2B3C4E5F6A7B8C9D0E1FA /* roms/solid-state/TMC0549.txt */ = {isa = PBXFileReference; lastKnownFileType = text; path = "roms/solid-state/TMC0549.txt"; sourceTree = "<group>"; };
		D1A2B3C4E5F6A7B8C9D0E1FB /* roms/solid-state/TMC0550.txt */ = {isa = PBXFileReference; lastKnownFileType = text; path = "roms/solid-state/TMC0550.txt"; sourceTree = "<group>"; };
		D1A2B3C4E5F6A7B8C9D0E1FC /* roms/solid-state/TMC0551.txt */ = {isa = PBXFileReference; lastKnownFileType = text; path = "roms/solid-state/TMC0551.txt"; sourceTree = "<group>"; };
		D1A2B3C4E5F6A7B8C9D0E1FD /* roms/solid-state/TMC0553.txt */ = {isa = PBXFileReference; lastKnownFileType = text; path = "roms/solid-state/TMC0553.txt"; sourceTree = "<group>"; };
		D1A2B3C4E5F6A7B8C9D0E1FE /* roms/solid-state/TMC0554.txt */ = {isa = PBXFileReference; lastKnownFileType = text; path = "roms/solid-state/TMC0554.txt"; sourceTree = "<group>"; };
		D1A2B3C4E5F6A7B8C9D0E1FF /* roms/solid-state/TMC0555.txt */ = {isa = PBXFileReference; lastKnownFileType = text; path = "roms/solid-state/TMC0555.txt"; sourceTree = "<group>"; };
		E08C9C771806E7B736D15277 /* roms/calculator/CD2401.txt */ = {isa = PBXFileReference; lastKnownFileType = text; path = roms/calculator/CD2401.txt; sourceTree = "<group>"; };
		E2B162B7479B9E09AE31CB82 /* roms/calculator/TMC0573.txt */ = {isa = PBXFileReference; lastKnownFileType = text; path = roms/calculator/TMC0573.txt; sourceTree = "<group>"; };
/* End PBXFileReference section */

/* Begin PBXFileSystemSynchronizedRootGroup section */
		8C72855B2F69626400D5F025 /* App */ = {
			isa = PBXFileSystemSynchronizedRootGroup;
			path = App;
			sourceTree = "<group>";
		};
		8C7285702F69626400D5F025 /* Core */ = {
			isa = PBXFileSystemSynchronizedRootGroup;
			path = Core;
			sourceTree = "<group>";
		};
		8C7285712F69626400D5F025 /* Bridge */ = {
			isa = PBXFileSystemSynchronizedRootGroup;
			path = Bridge;
			sourceTree = "<group>";
		};
/* End PBXFileSystemSynchronizedRootGroup section */

/* Begin PBXFrameworksBuildPhase section */
		8C7285562F69626400D5F025 /* Frameworks */ = {
			isa = PBXFrameworksBuildPhase;
			buildActionMask = 2147483647;
			files = (
			);
			runOnlyForDeploymentPostprocessing = 0;
		};
/* End PBXFrameworksBuildPhase section */

/* Begin PBXGroup section */
		8C097D572FAF34490063B5D0 /* Recovered References */ = {
			isa = PBXGroup;
			children = (
			);
			name = "Recovered References";
			sourceTree = "<group>";
		};
		8C7285502F69626400D5F025 = {
			isa = PBXGroup;
			children = (
				8CF668232F7ED56C006116D2 /* Calc-U-59-Info.plist */,
				8CC614992F6C2E370041355E /* Calc-U-59.entitlements */,
				8C72855B2F69626400D5F025 /* App */,
				8C7285702F69626400D5F025 /* Core */,
				8C7285712F69626400D5F025 /* Bridge */,
				067A301B08617C3C718CAD6B /* roms/calculator/TMC0582.txt */,
				922A6D0E64ED7C6A5E52CCD5 /* roms/calculator/TMC0583.txt */,
				4E36B672AB3C06A1BC192AA5 /* roms/calculator/TMC0571B.txt */,
				5193840AC3BCB5AC128C8565 /* roms/calculator/CD2400.txt */,
				E08C9C771806E7B736D15277 /* roms/calculator/CD2401.txt */,
				E2B162B7479B9E09AE31CB82 /* roms/calculator/TMC0573.txt */,
				0A6522F10504197826D208A1 /* roms/calculator/TMC0582-CONST-K.txt */,
				82EB9107C1DE1D77AB49F0D3 /* roms/calculator/TMC0583-CONST-K.txt */,
				A03FEEC869500F2ED42C8381 /* roms/calculator/CD2400-CONST-K.txt */,
				5E899B70D779E3C3D40E77C0 /* roms/calculator/CD2401-CONST-K.txt */,
				D1A2B3C4E5F6A7B8C9D0E1F1 /* roms/solid-state/cuecards.txt */,
				D1A2B3C4E5F6A7B8C9D0E1F2 /* roms/solid-state/TMC0541.txt */,
				D1A2B3C4E5F6A7B8C9D0E1F3 /* roms/solid-state/TMC0542.txt */,
				D1A2B3C4E5F6A7B8C9D0E1F4 /* roms/solid-state/TMC0543.txt */,
				D1A2B3C4E5F6A7B8C9D0E1F5 /* roms/solid-state/TMC0544.txt */,
				D1A2B3C4E5F6A7B8C9D0E1F6 /* roms/solid-state/TMC0545.txt */,
				D1A2B3C4E5F6A7B8C9D0E1F7 /* roms/solid-state/TMC0546.txt */,
				D1A2B3C4E5F6A7B8C9D0E1F8 /* roms/solid-state/TMC0547.txt */,
				D1A2B3C4E5F6A7B8C9D0E1F9 /* roms/solid-state/TMC0548.txt */,
				D1A2B3C4E5F6A7B8C9D0E1FA /* roms/solid-state/TMC0549.txt */,
				D1A2B3C4E5F6A7B8C9D0E1FB /* roms/solid-state/TMC0550.txt */,
				D1A2B3C4E5F6A7B8C9D0E1FC /* roms/solid-state/TMC0551.txt */,
				D1A2B3C4E5F6A7B8C9D0E1FD /* roms/solid-state/TMC0553.txt */,
				D1A2B3C4E5F6A7B8C9D0E1FE /* roms/solid-state/TMC0554.txt */,
				D1A2B3C4E5F6A7B8C9D0E1FF /* roms/solid-state/TMC0555.txt */,
				8C72855A2F69626400D5F025 /* Products */,
				8C097D572FAF34490063B5D0 /* Recovered References */,
			);
			sourceTree = "<group>";
		};
		8C72855A2F69626400D5F025 /* Products */ = {
			isa = PBXGroup;
			children = (
				8C7285592F69626400D5F025 /* Calc-U-59.app */,
			);
			name = Products;
			sourceTree = "<group>";
		};
/* End PBXGroup section */

/* Begin PBXNativeTarget section */
		8C7285582F69626400D5F025 /* Calc-U-59 */ = {
			isa = PBXNativeTarget;
			buildConfigurationList = 8C7285642F69626400D5F025 /* Build configuration list for PBXNativeTarget "Calc-U-59" */;
			buildPhases = (
				8C7285552F69626400D5F025 /* Sources */,
				8C7285562F69626400D5F025 /* Frameworks */,
				8C7285572F69626400D5F025 /* Resources */,
			);
			buildRules = (
			);
			dependencies = (
			);
			fileSystemSynchronizedGroups = (
				8C72855B2F69626400D5F025 /* App */,
				8C7285702F69626400D5F025 /* Core */,
				8C7285712F69626400D5F025 /* Bridge */,
			);
			name = "Calc-U-59";
			packageProductDependencies = (
			);
			productName = "Calc-U-59";
			productReference = 8C7285592F69626400D5F025 /* Calc-U-59.app */;
			productType = "com.apple.product-type.application";
		};
/* End PBXNativeTarget section */

/* Begin PBXProject section */
		8C7285512F69626400D5F025 /* Project object */ = {
			isa = PBXProject;
			attributes = {
				BuildIndependentTargetsInParallel = 1;
				LastSwiftUpdateCheck = 2630;
				LastUpgradeCheck = 2640;
				TargetAttributes = {
					8C7285582F69626400D5F025 = {
						CreatedOnToolsVersion = 26.3;
					};
				};
			};
			buildConfigurationList = 8C7285542F69626400D5F025 /* Build configuration list for PBXProject "Calc-U-59" */;
			developmentRegion = en;
			hasScannedForEncodings = 0;
			knownRegions = (
				en,
				Base,
			);
			mainGroup = 8C7285502F69626400D5F025;
			minimizedProjectReferenceProxies = 1;
			preferredProjectObjectVersion = 77;
			productRefGroup = 8C72855A2F69626400D5F025 /* Products */;
			projectDirPath = "";
			projectRoot = "";
			targets = (
				8C7285582F69626400D5F025 /* Calc-U-59 */,
			);
		};
/* End PBXProject section */

/* Begin PBXResourcesBuildPhase section */
		8C7285572F69626400D5F025 /* Resources */ = {
			isa = PBXResourcesBuildPhase;
			buildActionMask = 2147483647;
			files = (
				E492E897460954A16FFCE97D /* roms/calculator/TMC0582.txt in Resources */,
				7BAEB40743290D11F6AC8AB9 /* roms/calculator/TMC0583.txt in Resources */,
				ABC5638C64E47FADBF40BFEA /* roms/calculator/TMC0571B.txt in Resources */,
				B87F745B7F9EC349D0ECBF2F /* roms/calculator/CD2400.txt in Resources */,
				35B51855411FB1D5C01A25BB /* roms/calculator/CD2401.txt in Resources */,
				6C370FAB142303C959108954 /* roms/calculator/TMC0573.txt in Resources */,
				6B5CBFF0A3356702CCCA0EA5 /* roms/calculator/TMC0582-CONST-K.txt in Resources */,
				2340B7D61C0D4DBD6D9300A5 /* roms/calculator/TMC0583-CONST-K.txt in Resources */,
				FFF462699020D7E427019C23 /* roms/calculator/CD2400-CONST-K.txt in Resources */,
				D33A7AEB1F005859A35CAB9E /* roms/calculator/CD2401-CONST-K.txt in Resources */,
				D2A2B3C4E5F6A7B8C9D0E1F1 /* roms/solid-state/cuecards.txt in Resources */,
				D2A2B3C4E5F6A7B8C9D0E1F2 /* roms/solid-state/TMC0541.txt in Resources */,
				D2A2B3C4E5F6A7B8C9D0E1F3 /* roms/solid-state/TMC0542.txt in Resources */,
				D2A2B3C4E5F6A7B8C9D0E1F4 /* roms/solid-state/TMC0543.txt in Resources */,
				D2A2B3C4E5F6A7B8C9D0E1F5 /* roms/solid-state/TMC0544.txt in Resources */,
				D2A2B3C4E5F6A7B8C9D0E1F6 /* roms/solid-state/TMC0545.txt in Resources */,
				D2A2B3C4E5F6A7B8C9D0E1F7 /* roms/solid-state/TMC0546.txt in Resources */,
				D2A2B3C4E5F6A7B8C9D0E1F8 /* roms/solid-state/TMC0547.txt in Resources */,
				D2A2B3C4E5F6A7B8C9D0E1F9 /* roms/solid-state/TMC0548.txt in Resources */,
				D2A2B3C4E5F6A7B8C9D0E1FA /* roms/solid-state/TMC0549.txt in Resources */,
				D2A2B3C4E5F6A7B8C9D0E1FB /* roms/solid-state/TMC0550.txt in Resources */,
				D2A2B3C4E5F6A7B8C9D0E1FC /* roms/solid-state/TMC0551.txt in Resources */,
				D2A2B3C4E5F6A7B8C9D0E1FD /* roms/solid-state/TMC0553.txt in Resources */,
				D2A2B3C4E5F6A7B8C9D0E1FE /* roms/solid-state/TMC0554.txt in Resources */,
				D2A2B3C4E5F6A7B8C9D0E1FF /* roms/solid-state/TMC0555.txt in Resources */,
			);
			runOnlyForDeploymentPostprocessing = 0;
		};
/* End PBXResourcesBuildPhase section */

/* Begin PBXSourcesBuildPhase section */
		8C7285552F69626400D5F025 /* Sources */ = {
			isa = PBXSourcesBuildPhase;
			buildActionMask = 2147483647;
			files = (
			);
			runOnlyForDeploymentPostprocessing = 0;
		};
/* End PBXSourcesBuildPhase section */

/* Begin XCBuildConfiguration section */
		8C7285622F69626400D5F025 /* Debug */ = {
			isa = XCBuildConfiguration;
			buildSettings = {
				ALWAYS_SEARCH_USER_PATHS = NO;
				ASSETCATALOG_COMPILER_GENERATE_SWIFT_ASSET_SYMBOL_EXTENSIONS = YES;
				CLANG_ANALYZER_NONNULL = YES;
				CLANG_ANALYZER_NUMBER_OBJECT_CONVERSION = YES_AGGRESSIVE;
				CLANG_CXX_LANGUAGE_STANDARD = "gnu++20";
				CLANG_ENABLE_MODULES = YES;
				CLANG_ENABLE_OBJC_ARC = YES;
				CLANG_ENABLE_OBJC_WEAK = YES;
				CLANG_WARN_BLOCK_CAPTURE_AUTORELEASING = YES;
				CLANG_WARN_BOOL_CONVERSION = YES;
				CLANG_WARN_COMMA = YES;
				CLANG_WARN_CONSTANT_CONVERSION = YES;
				CLANG_WARN_DEPRECATED_OBJC_IMPLEMENTATIONS = YES;
				CLANG_WARN_DIRECT_OBJC_ISA_USAGE = YES_ERROR;
				CLANG_WARN_DOCUMENTATION_COMMENTS = YES;
				CLANG_WARN_EMPTY_BODY = YES;
				CLANG_WARN_ENUM_CONVERSION = YES;
				CLANG_WARN_INFINITE_RECURSION = YES;
				CLANG_WARN_INT_CONVERSION = YES;
				CLANG_WARN_NON_LITERAL_NULL_CONVERSION = YES;
				CLANG_WARN_OBJC_IMPLICIT_RETAIN_SELF = YES;
				CLANG_WARN_OBJC_LITERAL_CONVERSION = YES;
				CLANG_WARN_OBJC_ROOT_CLASS = YES_ERROR;
				CLANG_WARN_QUOTED_INCLUDE_IN_FRAMEWORK_HEADER = YES;
				CLANG_WARN_RANGE_LOOP_ANALYSIS = YES;
				CLANG_WARN_STRICT_PROTOTYPES = YES;
				CLANG_WARN_SUSPICIOUS_MOVE = YES;
				CLANG_WARN_UNGUARDED_AVAILABILITY = YES_AGGRESSIVE;
				CLANG_WARN_UNREACHABLE_CODE = YES;
				CLANG_WARN__DUPLICATE_METHOD_MATCH = YES;
				COPY_PHASE_STRIP = NO;
				DEAD_CODE_STRIPPING = YES;
				DEBUG_INFORMATION_FORMAT = dwarf;
				DEVELOPMENT_TEAM = 7Q3QN9AV9J;
				ENABLE_STRICT_OBJC_MSGSEND = YES;
				ENABLE_TESTABILITY = YES;
				ENABLE_USER_SCRIPT_SANDBOXING = YES;
				GCC_C_LANGUAGE_STANDARD = gnu17;
				GCC_DYNAMIC_NO_PIC = NO;
				GCC_NO_COMMON_BLOCKS = YES;
				GCC_OPTIMIZATION_LEVEL = 0;
				GCC_PREPROCESSOR_DEFINITIONS = (
					"DEBUG=1",
					"$(inherited)",
				);
				GCC_WARN_64_TO_32_BIT_CONVERSION = YES;
				GCC_WARN_ABOUT_RETURN_TYPE = YES_ERROR;
				GCC_WARN_UNDECLARED_SELECTOR = YES;
				GCC_WARN_UNINITIALIZED_AUTOS = YES_AGGRESSIVE;
				GCC_WARN_UNUSED_FUNCTION = YES;
				GCC_WARN_UNUSED_VARIABLE = YES;
				LOCALIZATION_PREFERS_STRING_CATALOGS = YES;
				MTL_ENABLE_DEBUG_INFO = INCLUDE_SOURCE;
				MTL_FAST_MATH = YES;
				ONLY_ACTIVE_ARCH = YES;
				STRING_CATALOG_GENERATE_SYMBOLS = YES;
				SWIFT_ACTIVE_COMPILATION_CONDITIONS = "DEBUG $(inherited)";
				SWIFT_OPTIMIZATION_LEVEL = "-Onone";
			};
			name = Debug;
		};
		8C7285632F69626400D5F025 /* Release */ = {
			isa = XCBuildConfiguration;
			buildSettings = {
				ALWAYS_SEARCH_USER_PATHS = NO;
				ASSETCATALOG_COMPILER_GENERATE_SWIFT_ASSET_SYMBOL_EXTENSIONS = YES;
				CLANG_ANALYZER_NONNULL = YES;
				CLANG_ANALYZER_NUMBER_OBJECT_CONVERSION = YES_AGGRESSIVE;
				CLANG_CXX_LANGUAGE_STANDARD = "gnu++20";
				CLANG_ENABLE_MODULES = YES;
				CLANG_ENABLE_OBJC_ARC = YES;
				CLANG_ENABLE_OBJC_WEAK = YES;
				CLANG_WARN_BLOCK_CAPTURE_AUTORELEASING = YES;
				CLANG_WARN_BOOL_CONVERSION = YES;
				CLANG_WARN_COMMA = YES;
				CLANG_WARN_CONSTANT_CONVERSION = YES;
				CLANG_WARN_DEPRECATED_OBJC_IMPLEMENTATIONS = YES;
				CLANG_WARN_DIRECT_OBJC_ISA_USAGE = YES_ERROR;
				CLANG_WARN_DOCUMENTATION_COMMENTS = YES;
				CLANG_WARN_EMPTY_BODY = YES;
				CLANG_WARN_ENUM_CONVERSION = YES;
				CLANG_WARN_INFINITE_RECURSION = YES;
				CLANG_WARN_INT_CONVERSION = YES;
				CLANG_WARN_NON_LITERAL_NULL_CONVERSION = YES;
				CLANG_WARN_OBJC_IMPLICIT_RETAIN_SELF = YES;
				CLANG_WARN_OBJC_LITERAL_CONVERSION = YES;
				CLANG_WARN_OBJC_ROOT_CLASS = YES_ERROR;
				CLANG_WARN_QUOTED_INCLUDE_IN_FRAMEWORK_HEADER = YES;
				CLANG_WARN_RANGE_LOOP_ANALYSIS = YES;
				CLANG_WARN_STRICT_PROTOTYPES = YES;
				CLANG_WARN_SUSPICIOUS_MOVE = YES;
				CLANG_WARN_UNGUARDED_AVAILABILITY = YES_AGGRESSIVE;
				CLANG_WARN_UNREACHABLE_CODE = YES;
				CLANG_WARN__DUPLICATE_METHOD_MATCH = YES;
				COPY_PHASE_STRIP = NO;
				DEAD_CODE_STRIPPING = YES;
				DEBUG_INFORMATION_FORMAT = "dwarf-with-dsym";
				DEVELOPMENT_TEAM = 7Q3QN9AV9J;
				ENABLE_NS_ASSERTIONS = NO;
				ENABLE_STRICT_OBJC_MSGSEND = YES;
				ENABLE_USER_SCRIPT_SANDBOXING = YES;
				GCC_C_LANGUAGE_STANDARD = gnu17;
				GCC_NO_COMMON_BLOCKS = YES;
				GCC_OPTIMIZATION_LEVEL = 2;
				GCC_WARN_64_TO_32_BIT_CONVERSION = YES;
				GCC_WARN_ABOUT_RETURN_TYPE = YES_ERROR;
				GCC_WARN_UNDECLARED_SELECTOR = YES;
				GCC_WARN_UNINITIALIZED_AUTOS = YES_AGGRESSIVE;
				GCC_WARN_UNUSED_FUNCTION = YES;
				GCC_WARN_UNUSED_VARIABLE = YES;
				LOCALIZATION_PREFERS_STRING_CATALOGS = YES;
				MTL_ENABLE_DEBUG_INFO = NO;
				MTL_FAST_MATH = YES;
				STRING_CATALOG_GENERATE_SYMBOLS = YES;
				SWIFT_COMPILATION_MODE = incremental;
				SWIFT_OPTIMIZATION_LEVEL = "-Onone";
			};
			name = Release;
		};
		8C7285652F69626400D5F025 /* Debug */ = {
			isa = XCBuildConfiguration;
			buildSettings = {
				ASSETCATALOG_COMPILER_APPICON_NAME = AppIcon;
				ASSETCATALOG_COMPILER_GLOBAL_ACCENT_COLOR_NAME = AccentColor;
				CODE_SIGN_ENTITLEMENTS = "Calc-U-59.entitlements";
				CODE_SIGN_STYLE = Automatic;
				CURRENT_PROJECT_VERSION = 2;
				DEAD_CODE_STRIPPING = NO;
				DEVELOPMENT_TEAM = 7Q3QN9AV9J;
				ENABLE_APP_SANDBOX = YES;
				ENABLE_HARDENED_RUNTIME = YES;
				ENABLE_INCOMING_NETWORK_CONNECTIONS = NO;
				ENABLE_OUTGOING_NETWORK_CONNECTIONS = NO;
				ENABLE_PREVIEWS = YES;
				ENABLE_RESOURCE_ACCESS_AUDIO_INPUT = NO;
				ENABLE_RESOURCE_ACCESS_BLUETOOTH = NO;
				ENABLE_RESOURCE_ACCESS_CALENDARS = NO;
				ENABLE_RESOURCE_ACCESS_CAMERA = NO;
				ENABLE_RESOURCE_ACCESS_CONTACTS = NO;
				ENABLE_RESOURCE_ACCESS_LOCATION = NO;
				ENABLE_RESOURCE_ACCESS_PRINTING = NO;
				ENABLE_RESOURCE_ACCESS_USB = NO;
				ENABLE_USER_SELECTED_FILES = readwrite;
				GENERATE_INFOPLIST_FILE = YES;
				INFOPLIST_FILE = "Calc-U-59-Info.plist";
				INFOPLIST_KEY_CFBundleDisplayName = "Calc-U-59";
				INFOPLIST_KEY_ITSAppUsesNonExemptEncryption = NO;
				INFOPLIST_KEY_LSApplicationCategoryType = "public.app-category.utilities";
				"INFOPLIST_KEY_UIApplicationSceneManifest_Generation[sdk=iphoneos*]" = YES;
				"INFOPLIST_KEY_UIApplicationSceneManifest_Generation[sdk=iphonesimulator*]" = YES;
				"INFOPLIST_KEY_UIApplicationSupportsIndirectInputEvents[sdk=iphoneos*]" = YES;
				"INFOPLIST_KEY_UIApplicationSupportsIndirectInputEvents[sdk=iphonesimulator*]" = YES;
				"INFOPLIST_KEY_UILaunchScreen_Generation[sdk=iphoneos*]" = YES;
				"INFOPLIST_KEY_UILaunchScreen_Generation[sdk=iphonesimulator*]" = YES;
				"INFOPLIST_KEY_UIStatusBarStyle[sdk=iphoneos*]" = UIStatusBarStyleDefault;
				"INFOPLIST_KEY_UIStatusBarStyle[sdk=iphonesimulator*]" = UIStatusBarStyleDefault;
				INFOPLIST_KEY_UISupportedInterfaceOrientations = "UIInterfaceOrientationPortrait UIInterfaceOrientationPortraitUpsideDown";
				INFOPLIST_KEY_UISupportedInterfaceOrientations_iPad = "UIInterfaceOrientationLandscapeLeft UIInterfaceOrientationLandscapeRight UIInterfaceOrientationPortrait UIInterfaceOrientationPortraitUpsideDown";
				IPHONEOS_DEPLOYMENT_TARGET = 18.0;
				LD_RUNPATH_SEARCH_PATHS = "@executable_path/Frameworks";
				"LD_RUNPATH_SEARCH_PATHS[sdk=macosx*]" = "@executable_path/../Frameworks";
				MACOSX_DEPLOYMENT_TARGET = 15.0;
				MARKETING_VERSION = 1.2.0;
				PRODUCT_BUNDLE_IDENTIFIER = ch.erzberger.calcu59;
				PRODUCT_NAME = "$(TARGET_NAME)";
				REGISTER_APP_GROUPS = YES;
				SDKROOT = auto;
				STRING_CATALOG_GENERATE_SYMBOLS = YES;
				SUPPORTED_PLATFORMS = "iphoneos iphonesimulator macosx";
				SUPPORTS_MACCATALYST = NO;
				SWIFT_APPROACHABLE_CONCURRENCY = YES;
				SWIFT_DEFAULT_ACTOR_ISOLATION = MainActor;
				SWIFT_EMIT_LOC_STRINGS = YES;
				SWIFT_OBJC_BRIDGING_HEADER = "$(SRCROOT)/Bridge/TI59MachineWrapper.h";
				SWIFT_UPCOMING_FEATURE_MEMBER_IMPORT_VISIBILITY = YES;
				SWIFT_VERSION = 5.0;
				TARGETED_DEVICE_FAMILY = "1,2";
				XROS_DEPLOYMENT_TARGET = 26.2;
			};
			name = Debug;
		};
		8C7285662F69626400D5F025 /* Release */ = {
			isa = XCBuildConfiguration;
			buildSettings = {
				ASSETCATALOG_COMPILER_APPICON_NAME = AppIcon;
				ASSETCATALOG_COMPILER_GLOBAL_ACCENT_COLOR_NAME = AccentColor;
				CODE_SIGN_ENTITLEMENTS = "Calc-U-59.entitlements";
				CODE_SIGN_STYLE = Automatic;
				CURRENT_PROJECT_VERSION = 2;
				DEAD_CODE_STRIPPING = YES;
				DEVELOPMENT_TEAM = 7Q3QN9AV9J;
				ENABLE_APP_SANDBOX = YES;
				ENABLE_HARDENED_RUNTIME = YES;
				ENABLE_INCOMING_NETWORK_CONNECTIONS = NO;
				ENABLE_OUTGOING_NETWORK_CONNECTIONS = NO;
				ENABLE_PREVIEWS = YES;
				ENABLE_RESOURCE_ACCESS_AUDIO_INPUT = NO;
				ENABLE_RESOURCE_ACCESS_BLUETOOTH = NO;
				ENABLE_RESOURCE_ACCESS_CALENDARS = NO;
				ENABLE_RESOURCE_ACCESS_CAMERA = NO;
				ENABLE_RESOURCE_ACCESS_CONTACTS = NO;
				ENABLE_RESOURCE_ACCESS_LOCATION = NO;
				ENABLE_RESOURCE_ACCESS_PRINTING = NO;
				ENABLE_RESOURCE_ACCESS_USB = NO;
				ENABLE_USER_SELECTED_FILES = readwrite;
				GENERATE_INFOPLIST_FILE = YES;
				INFOPLIST_FILE = "Calc-U-59-Info.plist";
				INFOPLIST_KEY_CFBundleDisplayName = "Calc-U-59";
				INFOPLIST_KEY_ITSAppUsesNonExemptEncryption = NO;
				INFOPLIST_KEY_LSApplicationCategoryType = "public.app-category.utilities";
				"INFOPLIST_KEY_UIApplicationSceneManifest_Generation[sdk=iphoneos*]" = YES;
				"INFOPLIST_KEY_UIApplicationSceneManifest_Generation[sdk=iphonesimulator*]" = YES;
				"INFOPLIST_KEY_UIApplicationSupportsIndirectInputEvents[sdk=iphoneos*]" = YES;
				"INFOPLIST_KEY_UIApplicationSupportsIndirectInputEvents[sdk=iphonesimulator*]" = YES;
				"INFOPLIST_KEY_UILaunchScreen_Generation[sdk=iphoneos*]" = YES;
				"INFOPLIST_KEY_UILaunchScreen_Generation[sdk=iphonesimulator*]" = YES;
				"INFOPLIST_KEY_UIStatusBarStyle[sdk=iphoneos*]" = UIStatusBarStyleDefault;
				"INFOPLIST_KEY_UIStatusBarStyle[sdk=iphonesimulator*]" = UIStatusBarStyleDefault;
				INFOPLIST_KEY_UISupportedInterfaceOrientations = "UIInterfaceOrientationPortrait UIInterfaceOrientationPortraitUpsideDown";
				INFOPLIST_KEY_UISupportedInterfaceOrientations_iPad = "UIInterfaceOrientationLandscapeLeft UIInterfaceOrientationLandscapeRight UIInterfaceOrientationPortrait UIInterfaceOrientationPortraitUpsideDown";
				IPHONEOS_DEPLOYMENT_TARGET = 18.0;
				LD_RUNPATH_SEARCH_PATHS = "@executable_path/Frameworks";
				"LD_RUNPATH_SEARCH_PATHS[sdk=macosx*]" = "@executable_path/../Frameworks";
				MACOSX_DEPLOYMENT_TARGET = 15.0;
				MARKETING_VERSION = 1.2.0;
				PRODUCT_BUNDLE_IDENTIFIER = ch.erzberger.calcu59;
				PRODUCT_NAME = "$(TARGET_NAME)";
				REGISTER_APP_GROUPS = YES;
				SDKROOT = auto;
				STRING_CATALOG_GENERATE_SYMBOLS = YES;
				SUPPORTED_PLATFORMS = "iphoneos iphonesimulator macosx";
				SUPPORTS_MACCATALYST = NO;
				SWIFT_APPROACHABLE_CONCURRENCY = YES;
				SWIFT_DEFAULT_ACTOR_ISOLATION = MainActor;
				SWIFT_EMIT_LOC_STRINGS = YES;
				SWIFT_OBJC_BRIDGING_HEADER = "$(SRCROOT)/Bridge/TI59MachineWrapper.h";
				SWIFT_UPCOMING_FEATURE_MEMBER_IMPORT_VISIBILITY = YES;
				SWIFT_VERSION = 5.0;
				TARGETED_DEVICE_FAMILY = "1,2";
				XROS_DEPLOYMENT_TARGET = 26.2;
			};
			name = Release;
		};
/* End XCBuildConfiguration section */

/* Begin XCConfigurationList section */
		8C7285542F69626400D5F025 /* Build configuration list for PBXProject "Calc-U-59" */ = {
			isa = XCConfigurationList;
			buildConfigurations = (
				8C7285622F69626400D5F025 /* Debug */,
				8C7285632F69626400D5F025 /* Release */,
			);
			defaultConfigurationIsVisible = 0;
			defaultConfigurationName = Release;
		};
		8C7285642F69626400D5F025 /* Build configuration list for PBXNativeTarget "Calc-U-59" */ = {
			isa = XCConfigurationList;
			buildConfigurations = (
				8C7285652F69626400D5F025 /* Debug */,
				8C7285662F69626400D5F025 /* Release */,
			);
			defaultConfigurationIsVisible = 0;
			defaultConfigurationName = Release;
		};
/* End XCConfigurationList section */
	};
	rootObject = 8C7285512F69626400D5F025 /* Project object */;
}
